
Microsoft Visual Studio Solution File, Format Version 12.00
# Visual Studio Version 16
VisualStudioVersion = 16.0.30711.63
MinimumVisualStudioVersion = 10.0.40219.1
Project("{FAE04EC0-301F-11D3-BF4B-00C04F79EFBC}") = "Spice", "Spice\Spice.csproj", "{5DB782D8-7AA7-4309-A56D-F515D4E49A7C}"
EndProject
Global
	GlobalSection(SolutionConfigurationPlatforms) = preSolution
		Debug|Any CPU = Debug|Any CPU
		Release|Any CPU = Release|Any CPU
	EndGlobalSection
	GlobalSection(ProjectConfigurationPlatforms) = postSolution
		{5DB782D8-7AA7-4309-A56D-F515D4E49A7C}.Debug|Any CPU.ActiveCfg = Debug|Any CPU
		{5DB782D8-7AA7-4309-A56D-F515D4E49A7C}.Debug|Any CPU.Build.0 = Debug|Any CPU
		{5DB782D8-7AA7-4309-A56D-F515D4E49A7C}.Release|Any CPU.ActiveCfg = Release|Any CPU
		{5DB782D8-7AA7-4309-A56D-F515D4E49A7C}.Release|Any CPU.Build.0 = Release|Any CPU
	EndGlobalSection
	GlobalSection(SolutionProperties) = preSolution
		HideSolutionNode = FALSE
	EndGlobalSection
	GlobalSection(ExtensibilityGlobals) = postSolution
		SolutionGuid = {C761D593-ED8F-40A7-BE36-E47CDCCD7C9F}
	EndGlobalSection
EndGlobal
